schema: '2.0'
stages:
  make_dataset:
    cmd: python .\src\data\make_dataset.py .\data\raw\creditcard.csv
    deps:
    - path: .\data\raw\creditcard.csv
      hash: md5
      md5: e90efcb83d69faf99fcab8b0255024de
      size: 150828752
    - path: .\src\data\make_dataset.py
      hash: md5
      md5: 5d87ea0853101b748b17af0be510c2ac
      size: 1314
    params:
      params.yaml:
        make_dataset.seed: 42
        make_dataset.test_split: 0.2
    outs:
    - path: .\data\processed\
      hash: md5
      md5: 703ca2d8f648328d1da1c2b2d44d3847.dir
      size: 151102527
      nfiles: 2
  train_model:
    cmd: python .\src\models\train_model.py .\data\processed\
    deps:
    - path: .\data\processed\
      hash: md5
      md5: 703ca2d8f648328d1da1c2b2d44d3847.dir
      size: 151102527
      nfiles: 2
    - path: .\src\models\train_model.py
      hash: md5
      md5: 5af92edffd22804f29af18c1efe94bbb
      size: 1362
    params:
      params.yaml:
        train_model.max_depth: 6
        train_model.n_estimators: 10
        train_model.seed: 42
    outs:
    - path: .\models\
      hash: md5
      md5: c04fda7884eb63e640db712fa786e76a.dir
      size: 51257
      nfiles: 1
  visualize:
    cmd: python .\src\visualization\visualize.py .\models\model.joblib .\data\processed\
    deps:
    - path: .\data\processed\
      hash: md5
      md5: 703ca2d8f648328d1da1c2b2d44d3847.dir
      size: 151102527
      nfiles: 2
    - path: .\models\model.joblib
      hash: md5
      md5: bfac68d3f1ce570e55fe58ba6dae6f67
      size: 51257
    - path: .\src\visualization\visualize.py
      hash: md5
      md5: a91ca79bfaea995c333fa50841f86fde
      size: 3683
    outs:
    - path: dvclive
      hash: md5
      md5: 0583e648ecbac35329337b7b194be133.dir
      size: 18692214
      nfiles: 8
